
Microsoft Visual Studio Solution File, Format Version 12.00
# Visual Studio 15
VisualStudioVersion = 15.0.28307.329
MinimumVisualStudioVersion = 10.0.40219.1
Project("{9092AA53-FB77-4645-B42D-1CCCA6BD08BD}") = "BlankExpressAsyncTesting", "BlankExpressAsyncTesting\BlankExpressAsyncTesting.njsproj", "{EFFA9D27-F717-4149-AC03-1292497090A4}"
EndProject
Global
	GlobalSection(SolutionConfigurationPlatforms) = preSolution
		Debug|Any CPU = Debug|Any CPU
		Release|Any CPU = Release|Any CPU
	EndGlobalSection
	GlobalSection(ProjectConfigurationPlatforms) = postSolution
		{EFFA9D27-F717-4149-AC03-1292497090A4}.Debug|Any CPU.ActiveCfg = Debug|Any CPU
		{EFFA9D27-F717-4149-AC03-1292497090A4}.Debug|Any CPU.Build.0 = Debug|Any CPU
		{EFFA9D27-F717-4149-AC03-1292497090A4}.Release|Any CPU.ActiveCfg = Release|Any CPU
		{EFFA9D27-F717-4149-AC03-1292497090A4}.Release|Any CPU.Build.0 = Release|Any CPU
	EndGlobalSection
	GlobalSection(SolutionProperties) = preSolution
		HideSolutionNode = FALSE
	EndGlobalSection
	GlobalSection(ExtensibilityGlobals) = postSolution
		SolutionGuid = {73A68286-7153-4F14-9F85-01F74B7F57E1}
	EndGlobalSection
EndGlobal
